<?xml version="1.0" encoding="utf-8"?>
<Project ToolsVersion="4.0" xmlns="http://schemas.microsoft.com/developer/msbuild/2003">
  <ItemGroup>
    <Filter Include="Source Files">
      <UniqueIdentifier>{4FC737F1-C7A5-4376-A066-2A32D752A2FF}</UniqueIdentifier>
      <Extensions>cpp;c;cc;cxx;c++;cppm;ixx;def;odl;idl;hpj;bat;asm;asmx</Extensions>
    </Filter>
    <Filter Include="Shaders">
      <UniqueIdentifier>{3c87eb64-df9a-4a26-ba89-41bb88af29f4}</UniqueIdentifier>
    </Filter>
    <Filter Include="Shaders\GLSL">
      <UniqueIdentifier>{44b22653-bc8a-4b07-b91b-3e92be816ee3}</UniqueIdentifier>
    </Filter>
    <Filter Include="Shaders\HLSL">
      <UniqueIdentifier>{1fd31611-8837-410a-a7ec-5ef411d96b6b}</UniqueIdentifier>
    </Filter>
  </ItemGroup>
  <ItemGroup>
    <ClCompile Include="main.cpp">
      <Filter>Source Files</Filter>
    </ClCompile>
  </ItemGroup>
  <ItemGroup>
    <None Include="Shaders\GLSL\object.vert.glsl">
      <Filter>Shaders\GLSL</Filter>
    </None>
    <None Include="Shaders\GLSL\shadowMap.frag.glsl">
      <Filter>Shaders\GLSL</Filter>
    </None>
    <None Include="Shaders\GLSL\floor.frag.glsl">
      <Filter>Shaders\GLSL</Filter>
    </None>
    <None Include="Shaders\GLSL\lightSource.frag.glsl">
      <Filter>Shaders\GLSL</Filter>
    </None>
    <None Include="Shaders\GLSL\lightSource.h.glsl">
      <Filter>Shaders\GLSL</Filter>
    </None>
    <None Include="Shaders\GLSL\pbr.frag.glsl">
      <Filter>Shaders\GLSL</Filter>
    </None>
    <None Include="Shaders\GLSL\pbr.h.glsl">
      <Filter>Shaders\GLSL</Filter>
    </None>
    <None Include="Shaders\GLSL\phong.frag.glsl">
      <Filter>Shaders\GLSL</Filter>
    </None>
    <None Include="Shaders\GLSL\phong.h.glsl">
      <Filter>Shaders\GLSL</Filter>
    </None>
    <None Include="Shaders\GLSL\resources.h.glsl">
      <Filter>Shaders\GLSL</Filter>
    </None>
    <None Include="Shaders\GLSL\skybox.frag.glsl">
      <Filter>Shaders\GLSL</Filter>
    </None>
    <None Include="Shaders\GLSL\skybox.vert.glsl">
      <Filter>Shaders\GLSL</Filter>
    </None>
    <None Include="Shaders\GLSL\lightSource.vert.glsl">
      <Filter>Shaders\GLSL</Filter>
    </None>
    <None Include="Shaders\GLSL\shadowMap.vert.glsl">
      <Filter>Shaders\GLSL</Filter>
    </None>
  </ItemGroup>
  <ItemGroup>
    <FxCompile Include="Shaders\HLSL\lightSource.vert.hlsl">
      <Filter>Shaders\HLSL</Filter>
    </FxCompile>
    <FxCompile Include="Shaders\HLSL\object.vert.hlsl">
      <Filter>Shaders\HLSL</Filter>
    </FxCompile>
    <FxCompile Include="Shaders\HLSL\shadowMap.frag.hlsl">
      <Filter>Shaders\HLSL</Filter>
    </FxCompile>
    <FxCompile Include="Shaders\HLSL\lightSource.frag.hlsl">
      <Filter>Shaders\HLSL</Filter>
    </FxCompile>
    <FxCompile Include="Shaders\HLSL\lightSource.h.hlsl">
      <Filter>Shaders\HLSL</Filter>
    </FxCompile>
    <FxCompile Include="Shaders\HLSL\pbr.frag.hlsl">
      <Filter>Shaders\HLSL</Filter>
    </FxCompile>
    <FxCompile Include="Shaders\HLSL\pbr.h.hlsl">
      <Filter>Shaders\HLSL</Filter>
    </FxCompile>
    <FxCompile Include="Shaders\HLSL\phong.frag.hlsl">
      <Filter>Shaders\HLSL</Filter>
    </FxCompile>
    <FxCompile Include="Shaders\HLSL\phong.h.hlsl">
      <Filter>Shaders\HLSL</Filter>
    </FxCompile>
    <FxCompile Include="Shaders\HLSL\resources.h.hlsl">
      <Filter>Shaders\HLSL</Filter>
    </FxCompile>
    <FxCompile Include="Shaders\HLSL\shadowMap.vert.hlsl">
      <Filter>Shaders\HLSL</Filter>
    </FxCompile>
    <FxCompile Include="Shaders\HLSL\skybox.frag.hlsl">
      <Filter>Shaders\HLSL</Filter>
    </FxCompile>
    <FxCompile Include="Shaders\HLSL\skybox.vert.hlsl">
      <Filter>Shaders\HLSL</Filter>
    </FxCompile>
  </ItemGroup>
</Project>