<?xml version="1.0" encoding="utf-8"?>
<Project ToolsVersion="4.0" xmlns="http://schemas.microsoft.com/developer/msbuild/2003">
  <ItemGroup>
    <Filter Include="Source Files">
      <UniqueIdentifier>{4FC737F1-C7A5-4376-A066-2A32D752A2FF}</UniqueIdentifier>
      <Extensions>cpp;c;cc;cxx;c++;cppm;ixx;def;odl;idl;hpj;bat;asm;asmx</Extensions>
    </Filter>
    <Filter Include="Shaders">
      <UniqueIdentifier>{c703a832-f812-4fd4-b5d7-d078d9988779}</UniqueIdentifier>
    </Filter>
    <Filter Include="Shaders\GLSL">
      <UniqueIdentifier>{b1e5746c-b015-42e9-9d49-84d98fded0b4}</UniqueIdentifier>
    </Filter>
    <Filter Include="Shaders\HLSL">
      <UniqueIdentifier>{185ecf2c-8649-494d-9558-31e5dc9f2612}</UniqueIdentifier>
    </Filter>
  </ItemGroup>
  <ItemGroup>
    <ClCompile Include="main.cpp">
      <Filter>Source Files</Filter>
    </ClCompile>
  </ItemGroup>
  <ItemGroup>
    <FxCompile Include="Shaders\HLSL\lightSource.frag.hlsl">
      <Filter>Shaders\HLSL</Filter>
    </FxCompile>
    <FxCompile Include="Shaders\HLSL\lightSource.h.hlsl">
      <Filter>Shaders\HLSL</Filter>
    </FxCompile>
    <FxCompile Include="Shaders\HLSL\lightSource.vert.hlsl">
      <Filter>Shaders\HLSL</Filter>
    </FxCompile>
    <FxCompile Include="Shaders\HLSL\pbr.frag.hlsl">
      <Filter>Shaders\HLSL</Filter>
    </FxCompile>
    <FxCompile Include="Shaders\HLSL\pbr.h.hlsl">
      <Filter>Shaders\HLSL</Filter>
    </FxCompile>
    <FxCompile Include="Shaders\HLSL\phong.frag.hlsl">
      <Filter>Shaders\HLSL</Filter>
    </FxCompile>
    <FxCompile Include="Shaders\HLSL\phong.h.hlsl">
      <Filter>Shaders\HLSL</Filter>
    </FxCompile>
    <FxCompile Include="Shaders\HLSL\phong.vert.hlsl">
      <Filter>Shaders\HLSL</Filter>
    </FxCompile>
    <FxCompile Include="Shaders\HLSL\resources.h.hlsl">
      <Filter>Shaders\HLSL</Filter>
    </FxCompile>
    <FxCompile Include="Shaders\HLSL\skybox.frag.hlsl">
      <Filter>Shaders\HLSL</Filter>
    </FxCompile>
    <FxCompile Include="Shaders\HLSL\skybox.vert.hlsl">
      <Filter>Shaders\HLSL</Filter>
    </FxCompile>
    <FxCompile Include="Shaders\HLSL\pbr.vert.hlsl">
      <Filter>Shaders\HLSL</Filter>
    </FxCompile>
  </ItemGroup>
  <ItemGroup>
    <None Include="Shaders\GLSL\lightSource.frag.glsl">
      <Filter>Shaders\GLSL</Filter>
    </None>
    <None Include="Shaders\GLSL\lightSource.vert.glsl">
      <Filter>Shaders\GLSL</Filter>
    </None>
    <None Include="Shaders\GLSL\phong.frag.glsl">
      <Filter>Shaders\GLSL</Filter>
    </None>
    <None Include="Shaders\GLSL\phong.vert.glsl">
      <Filter>Shaders\GLSL</Filter>
    </None>
    <None Include="Shaders\GLSL\resources.h.glsl">
      <Filter>Shaders\GLSL</Filter>
    </None>
    <None Include="Shaders\GLSL\skybox.frag.glsl">
      <Filter>Shaders\GLSL</Filter>
    </None>
    <None Include="Shaders\GLSL\skybox.vert.glsl">
      <Filter>Shaders\GLSL</Filter>
    </None>
    <None Include="Shaders\GLSL\phong.h.glsl">
      <Filter>Shaders\GLSL</Filter>
    </None>
    <None Include="Shaders\GLSL\lightSource.h.glsl">
      <Filter>Shaders\GLSL</Filter>
    </None>
    <None Include="Shaders\GLSL\pbr.frag.glsl">
      <Filter>Shaders\GLSL</Filter>
    </None>
    <None Include="Shaders\GLSL\pbr.h.glsl">
      <Filter>Shaders\GLSL</Filter>
    </None>
    <None Include="Shaders\GLSL\pbr.vert.glsl">
      <Filter>Shaders\GLSL</Filter>
    </None>
  </ItemGroup>
</Project>