<?xml version="1.0" encoding="utf-8"?>
<Project ToolsVersion="4.0" xmlns="http://schemas.microsoft.com/developer/msbuild/2003">
  <ItemGroup>
    <Filter Include="Renderer">
      <UniqueIdentifier>{0c3292f9-a8e5-414d-9174-26def95aea23}</UniqueIdentifier>
    </Filter>
    <Filter Include="Renderer\Vulkan">
      <UniqueIdentifier>{538dbf33-bf7f-41e3-95dc-4e894d1fab6c}</UniqueIdentifier>
    </Filter>
    <Filter Include="Renderer\DirectX">
      <UniqueIdentifier>{4a782f5a-4f22-40f2-86ff-0c9cacff2c72}</UniqueIdentifier>
    </Filter>
    <Filter Include="ThirdParty">
      <UniqueIdentifier>{601348fa-32fd-4267-8723-9ac8943ff30e}</UniqueIdentifier>
    </Filter>
    <Filter Include="Time">
      <UniqueIdentifier>{7f7846f0-2985-48ea-8ece-f7557cb3895e}</UniqueIdentifier>
    </Filter>
    <Filter Include="UI">
      <UniqueIdentifier>{746b1bd2-69e3-49e0-84a9-7c703293ff65}</UniqueIdentifier>
    </Filter>
    <Filter Include="FileSystem">
      <UniqueIdentifier>{be83a748-1366-4684-8826-092e860d105c}</UniqueIdentifier>
    </Filter>
    <Filter Include="Math">
      <UniqueIdentifier>{e52995bb-fc2f-4c82-9eca-56ad2a9e8cc9}</UniqueIdentifier>
    </Filter>
    <Filter Include="Renderer\DirectX\DMA">
      <UniqueIdentifier>{3e3a5347-1081-47ea-b1fd-5de47d486fad}</UniqueIdentifier>
    </Filter>
    <Filter Include="ThirdParty\imgui">
      <UniqueIdentifier>{db45ec99-5fcb-4ade-956b-78a0083545c5}</UniqueIdentifier>
    </Filter>
    <Filter Include="ThirdParty\TinyImage">
      <UniqueIdentifier>{d2f562bd-28ae-48a2-99fe-3b2cc6f3a7b8}</UniqueIdentifier>
    </Filter>
    <Filter Include="Shapes">
      <UniqueIdentifier>{1ccbb0f9-1e58-448a-814b-98b85ac5fc61}</UniqueIdentifier>
    </Filter>
    <Filter Include="Mesh">
      <UniqueIdentifier>{2883a9aa-49de-467f-ab8d-c03e53d4cae0}</UniqueIdentifier>
    </Filter>
  </ItemGroup>
  <ItemGroup>
    <ClCompile Include="..\..\..\Renderer\DirectX\SEDirectX.cpp">
      <Filter>Renderer\DirectX</Filter>
    </ClCompile>
    <ClCompile Include="..\..\..\Renderer\DirectX\DMA\D3D12MemAlloc.cpp">
      <Filter>Renderer\DirectX\DMA</Filter>
    </ClCompile>
    <ClCompile Include="..\..\..\Renderer\Vulkan\SEVulkan.cpp">
      <Filter>Renderer\Vulkan</Filter>
    </ClCompile>
    <ClCompile Include="..\..\..\Renderer\SECamera.cpp">
      <Filter>Renderer</Filter>
    </ClCompile>
    <ClCompile Include="..\..\..\Renderer\SERenderer.cpp">
      <Filter>Renderer</Filter>
    </ClCompile>
    <ClCompile Include="..\..\..\Renderer\SEWindow.cpp">
      <Filter>Renderer</Filter>
    </ClCompile>
    <ClCompile Include="..\..\..\ThirdParty\imgui\imgui.cpp">
      <Filter>ThirdParty\imgui</Filter>
    </ClCompile>
    <ClCompile Include="..\..\..\ThirdParty\imgui\imgui_demo.cpp">
      <Filter>ThirdParty\imgui</Filter>
    </ClCompile>
    <ClCompile Include="..\..\..\ThirdParty\imgui\imgui_draw.cpp">
      <Filter>ThirdParty\imgui</Filter>
    </ClCompile>
    <ClCompile Include="..\..\..\ThirdParty\imgui\imgui_impl_dx12.cpp">
      <Filter>ThirdParty\imgui</Filter>
    </ClCompile>
    <ClCompile Include="..\..\..\ThirdParty\imgui\imgui_impl_vulkan.cpp">
      <Filter>ThirdParty\imgui</Filter>
    </ClCompile>
    <ClCompile Include="..\..\..\ThirdParty\imgui\imgui_impl_win32.cpp">
      <Filter>ThirdParty\imgui</Filter>
    </ClCompile>
    <ClCompile Include="..\..\..\ThirdParty\imgui\imgui_tables.cpp">
      <Filter>ThirdParty\imgui</Filter>
    </ClCompile>
    <ClCompile Include="..\..\..\ThirdParty\imgui\imgui_widgets.cpp">
      <Filter>ThirdParty\imgui</Filter>
    </ClCompile>
    <ClCompile Include="..\..\..\UI\SEUI.cpp">
      <Filter>UI</Filter>
    </ClCompile>
    <ClCompile Include="..\..\..\FileSystem\SEFileSystem.cpp">
      <Filter>FileSystem</Filter>
    </ClCompile>
    <ClCompile Include="..\..\..\Shapes\SEShapes.cpp">
      <Filter>Shapes</Filter>
    </ClCompile>
    <ClCompile Include="..\..\..\Mesh\SEMesh.cpp">
      <Filter>Mesh</Filter>
    </ClCompile>
    <ClCompile Include="..\..\..\Mesh\SEMeshLoader.cpp">
      <Filter>Mesh</Filter>
    </ClCompile>
  </ItemGroup>
  <ItemGroup>
    <ClInclude Include="..\..\..\Renderer\DirectX\DMA\D3D12MemAlloc.h">
      <Filter>Renderer\DirectX\DMA</Filter>
    </ClInclude>
    <ClInclude Include="..\..\..\ThirdParty\stb_ds.h">
      <Filter>ThirdParty</Filter>
    </ClInclude>
    <ClInclude Include="..\..\..\Renderer\SECamera.h">
      <Filter>Renderer</Filter>
    </ClInclude>
    <ClInclude Include="..\..\..\Renderer\SEDDSLoader.h">
      <Filter>Renderer</Filter>
    </ClInclude>
    <ClInclude Include="..\..\..\Renderer\SERenderer.h">
      <Filter>Renderer</Filter>
    </ClInclude>
    <ClInclude Include="..\..\..\Renderer\SEWindow.h">
      <Filter>Renderer</Filter>
    </ClInclude>
    <ClInclude Include="..\..\..\ThirdParty\imgui\imconfig.h">
      <Filter>ThirdParty\imgui</Filter>
    </ClInclude>
    <ClInclude Include="..\..\..\ThirdParty\imgui\imgui.h">
      <Filter>ThirdParty\imgui</Filter>
    </ClInclude>
    <ClInclude Include="..\..\..\ThirdParty\imgui\imgui_impl_dx12.h">
      <Filter>ThirdParty\imgui</Filter>
    </ClInclude>
    <ClInclude Include="..\..\..\ThirdParty\imgui\imgui_impl_vulkan.h">
      <Filter>ThirdParty\imgui</Filter>
    </ClInclude>
    <ClInclude Include="..\..\..\ThirdParty\imgui\imgui_impl_win32.h">
      <Filter>ThirdParty\imgui</Filter>
    </ClInclude>
    <ClInclude Include="..\..\..\ThirdParty\imgui\imgui_internal.h">
      <Filter>ThirdParty\imgui</Filter>
    </ClInclude>
    <ClInclude Include="..\..\..\ThirdParty\imgui\imstb_rectpack.h">
      <Filter>ThirdParty\imgui</Filter>
    </ClInclude>
    <ClInclude Include="..\..\..\ThirdParty\imgui\imstb_textedit.h">
      <Filter>ThirdParty\imgui</Filter>
    </ClInclude>
    <ClInclude Include="..\..\..\ThirdParty\imgui\imstb_truetype.h">
      <Filter>ThirdParty\imgui</Filter>
    </ClInclude>
    <ClInclude Include="..\..\..\ThirdParty\TinyImage\tinyimageformat_apis.h">
      <Filter>ThirdParty\TinyImage</Filter>
    </ClInclude>
    <ClInclude Include="..\..\..\ThirdParty\TinyImage\tinyimageformat_base.h">
      <Filter>ThirdParty\TinyImage</Filter>
    </ClInclude>
    <ClInclude Include="..\..\..\ThirdParty\TinyImage\tinyimageformat_query.h">
      <Filter>ThirdParty\TinyImage</Filter>
    </ClInclude>
    <ClInclude Include="..\..\..\Time\SETimer.h">
      <Filter>Time</Filter>
    </ClInclude>
    <ClInclude Include="..\..\..\UI\SEUI.h">
      <Filter>UI</Filter>
    </ClInclude>
    <ClInclude Include="..\..\..\Math\RNG.h">
      <Filter>Math</Filter>
    </ClInclude>
    <ClInclude Include="..\..\..\Math\SEMath.h">
      <Filter>Math</Filter>
    </ClInclude>
    <ClInclude Include="..\..\..\Math\SEMath_Header.h">
      <Filter>Math</Filter>
    </ClInclude>
    <ClInclude Include="..\..\..\Math\SEMath_Intrinsics.h">
      <Filter>Math</Filter>
    </ClInclude>
    <ClInclude Include="..\..\..\Math\SEMath_Utility.h">
      <Filter>Math</Filter>
    </ClInclude>
    <ClInclude Include="..\..\..\FileSystem\SEFileSystem.h">
      <Filter>FileSystem</Filter>
    </ClInclude>
    <ClInclude Include="..\..\..\Shapes\SEShapes.h">
      <Filter>Shapes</Filter>
    </ClInclude>
    <ClInclude Include="..\..\..\Mesh\SEMesh.h">
      <Filter>Mesh</Filter>
    </ClInclude>
    <ClInclude Include="..\..\..\Mesh\SEMeshLoader.h">
      <Filter>Mesh</Filter>
    </ClInclude>
  </ItemGroup>
</Project>